FORGE
  remote: http://forge.puppetlabs.com
  specs:
    bashtoni/timezone (0.1.1)
    csail/shell_config (0.0.1)
    domcleal/augeasproviders (1.0.2)
    fsalum/redis (0.0.6)
    jhoblitt/ksm (0.0.1)
      puppetlabs/stdlib (>= 4.0.0)
      rodjek/logrotate (>= 1.1.1)
    jhoblitt/smartd (2.0.0)
      csail/shell_config (>= 0.0.1)
      puppetlabs/stdlib (>= 3.0.0)
    puppetlabs/apache (0.10.0)
      puppetlabs/concat (>= 1.0.0)
      puppetlabs/stdlib (>= 2.4.0)
    puppetlabs/apt (1.4.0)
      puppetlabs/stdlib (>= 2.2.1)
    puppetlabs/concat (1.0.0)
    puppetlabs/firewall (0.4.2)
    puppetlabs/gcc (0.1.0)
    puppetlabs/inifile (1.0.1)
    puppetlabs/mysql (2.1.0)
      puppetlabs/stdlib (>= 2.2.1)
    puppetlabs/ntp (3.0.1)
      puppetlabs/stdlib (>= 0.1.6)
    puppetlabs/postgresql (3.2.0)
      puppetlabs/apt (< 2.0.0, >= 1.1.0)
      puppetlabs/concat (< 2.0.0, >= 1.0.0)
      puppetlabs/firewall (>= 0.0.4)
      puppetlabs/stdlib (< 5.0.0, >= 3.2.0)
    puppetlabs/puppetdb (3.0.0)
      puppetlabs/firewall (>= 0.0.4)
      puppetlabs/inifile (~> 1.0)
      puppetlabs/postgresql (< 4.0.0, >= 3.1.0)
      puppetlabs/stdlib (>= 2.2.0)
    puppetlabs/ruby (0.1.0)
    puppetlabs/stdlib (4.1.0)
    puppetlabs/xinetd (1.2.0)
      puppetlabs/stdlib (>= 2.2.1)
    rodjek/logrotate (1.1.1)
    saz/sudo (2.2.0)
    stahnma/epel (0.0.6)
    stahnma/puppetlabs_yum (0.1.4)
    theforeman/concat_native (1.3.0)
    theforeman/dhcp (1.3.1)
      theforeman/concat_native (>= 1.3.0)
    theforeman/dns (1.4.0)
      theforeman/concat_native (>= 1.3.0)
    theforeman/foreman (2.0.1)
      puppetlabs/apache (~> 0.10)
      puppetlabs/postgresql (>= 3.0.0)
      puppetlabs/stdlib (>= 2.0.0)
      theforeman/concat_native (>= 1.3.0)
    theforeman/foreman_proxy (1.4.0)
      puppetlabs/stdlib (>= 2.0.0)
      theforeman/dhcp (>= 1.3.0)
      theforeman/dns (>= 1.3.0)
      theforeman/puppet (>= 1.3.0)
      theforeman/tftp (>= 1.3.0)
    theforeman/git (1.3.0)
    theforeman/puppet (2.0.0)
      puppetlabs/apache (~> 0.10)
      puppetlabs/stdlib (>= 2.0.0)
      theforeman/concat_native (>= 1.3.0)
      theforeman/git (>= 1.3.0)
    theforeman/tftp (1.4.0)
      puppetlabs/xinetd (>= 0.0.0)
    treydock/edac (0.0.4)
      puppetlabs/stdlib (>= 0.0.0)
      theforeman/concat_native (>= 0.0.0)
    treydock/gpg_key (0.0.2)
    treydock/scl (0.0.1)
      puppetlabs/stdlib (< 5.0.0, >= 3.2.0)
    treydock/yum_cron (1.0.0)
      domcleal/augeasproviders (>= 1.0.2)
      puppetlabs/stdlib (>= 2.2.1)

GIT
  remote: git://github.com/treydock/puppet-acpid.git
  ref: master
  sha: 375f512527284a2612739e2be90bdd82b8441e90
  specs:
    acpid (0.0.1)
      puppetlabs/stdlib (< 5.0.0, >= 3.2.0)

GIT
  remote: git://github.com/treydock/puppet-augeasproviders_sysctl.git
  ref: master
  sha: 7d73b7902219c8eddc570e12cb00ab5b15423de1
  specs:
    augeasproviders_sysctl (0.0.1)
      domcleal/augeasproviders (>= 1.0.2)
      puppetlabs/stdlib (< 5.0.0, >= 3.2.0)

GIT
  remote: git://github.com/treydock/puppet-infiniband.git
  ref: master
  sha: 82e51abc755bd784eb44e557a7085ff9e1bdacee
  specs:
    infiniband (0.1.0)
      domcleal/augeasproviders (>= 1.0.2)
      puppetlabs/stdlib (>= 3.2.0)

GIT
  remote: git://github.com/treydock/puppet-libvirt.git
  ref: master
  sha: fb6493e10c67214b7fe2a5aeacfdd360f78c3255
  specs:
    libvirt (0.2.3)
      puppetlabs/stdlib (>= 0)

GIT
  remote: git://github.com/treydock/puppet-module-ramdisk.git
  ref: master
  sha: 4c129fd2a084ae115181c8f031cbda805beb5c72
  specs:
    ramdisk (0.0.1)

GIT
  remote: git://github.com/treydock/puppet-motd.git
  ref: fix_modulefile
  sha: 958e82125e248da4d7a02bbfed63cab0e32f9cb8
  specs:
    motd (0.1.1)
      puppetlabs/concat (>= 1.0.0)
      puppetlabs/stdlib (>= 3.0.0)

GIT
  remote: git://github.com/treydock/puppet-nfs.git
  ref: 0.3.0
  sha: 0ef2b7822d05e15ff985dc933197e27f0bd4db1c
  specs:
    nfs (0.3.0)
      domcleal/augeasproviders (>= 1.0.2)
      puppetlabs/firewall (>= 0.4.0)
      puppetlabs/inifile (< 2.0.0, >= 1.0.1)
      puppetlabs/stdlib (< 5.0.0, >= 3.2.0)

GIT
  remote: git://github.com/treydock/puppet-osg.git
  ref: master
  sha: 9a53440b76dd0709c9adc348f452712ada5a0f47
  specs:
    osg (0.0.4)
      puppetlabs/apache (< 1.0.0, >= 0.9.0)
      puppetlabs/firewall (< 1.0.0, >= 0.4.2)
      puppetlabs/mysql (>= 0.9.0)
      puppetlabs/stdlib (< 5.0.0, >= 3.2.0)
      saz/sudo (< 4.0.0, >= 2.0.0)
      stahnma/epel (< 1.0.0, >= 0.0.1)
      treydock/gpg_key (< 1.0.0, >= 0.0.1)

GIT
  remote: git://github.com/treydock/puppet-ovirt.git
  ref: master
  sha: 5c54cd247bfeaabc603541ac008486749767c984
  specs:
    ovirt (0.0.1)
      puppetlabs/firewall (< 1.0.0, >= 0.4.2)
      puppetlabs/inifile (< 2.0.0, >= 1.0.0)
      puppetlabs/stdlib (< 5.0.0, >= 3.2.0)
      saz/sudo (< 4.0.0, >= 2.0.0)
      stahnma/epel (< 1.0.0, >= 0.0.1)

GIT
  remote: git://github.com/treydock/puppet-repoforge.git
  ref: master
  sha: 12020838c2a11cae81d7d3265f4ba387ce77b872
  specs:
    repoforge (0.0.1)
      puppetlabs/stdlib (>= 3.2.0)
      treydock/gpg_key (>= 0)

GIT
  remote: git://github.com/treydock/puppet-ssh.git
  ref: master
  sha: 63a68eda2a0bffe6b5db4e7f853ed19029c8428d
  specs:
    ssh (0.0.1)
      domcleal/augeasproviders (>= 1.0.2)
      puppetlabs/stdlib (>= 3.2.0)

GIT
  remote: git://github.com/treydock/puppet-zabbix20.git
  ref: master
  sha: 099428641e25c9f804b15d8ad4c7883af129ffa2
  specs:
    zabbix20 (1.0.2)
      puppetlabs/firewall (< 1.0.0, >= 0.4.2)
      puppetlabs/mysql (>= 0.9.0)
      puppetlabs/stdlib (< 5.0.0, >= 3.2.0)
      saz/sudo (< 4.0.0, >= 2.0.0)
      stahnma/epel (< 1.0.0, >= 0.0.1)

GIT
  remote: git://github.com/treydock/puppet-zfsonlinux.git
  ref: master
  sha: 7d4e29de11e39269e217a78668084cc615e3132a
  specs:
    zfsonlinux (0.0.2)
      puppetlabs/stdlib (>= 3.2.0)
      stahnma/epel (>= 0.0.5)
      treydock/gpg_key (~> 0.0.0)

GIT
  remote: git://github.com/treydock/puppet-zram.git
  ref: master
  sha: 9d571f4f1b125b6e9f4b6c678688f3750abcb00a
  specs:
    zram (0.0.1)
      puppetlabs/stdlib (>= 2.6.0)

GIT
  remote: git@gitlab.tamu.edu:puppet-modules/puppet-areca.git
  ref: master
  sha: f5a0bef84672046d7cc46bfd37f32808e79ee5fa
  specs:
    areca (0.0.1)
      puppetlabs/stdlib (< 5.0.0, >= 3.2.0)

GIT
  remote: git@gitlab.tamu.edu:puppet-modules/puppet-cron.git
  ref: master
  sha: 4c8fc4b1511144a136cc80d040851e612eceb093
  specs:
    cron (1.0.0)
      puppetlabs/stdlib (>= 3.2.0)

GIT
  remote: git@gitlab.tamu.edu:puppet-modules/puppet-fhgfs.git
  ref: master
  sha: 8c0afccb59157736f2c3244ae2ba7cf7c8ff57c6
  specs:
    fhgfs (0.0.1)
      puppetlabs/stdlib (< 5.0.0, >= 3.2.0)
      treydock/gpg_key (>= 0.0.2)

GIT
  remote: git@gitlab.tamu.edu:puppet-modules/puppet-iptables.git
  ref: master
  sha: 6a28eeb93a577bdead7e308fab37ced1540c4d8d
  specs:
    iptables (1.0.1)
      puppetlabs/firewall (~> 0.4.0)
      puppetlabs/stdlib (>= 3.2.0)

GIT
  remote: git@gitlab.tamu.edu:puppet-modules/puppet-logrotate.git
  ref: master
  sha: 96ca2910a704294ce8f5284bf12259428cfb335e
  specs:
    logrotate (0.0.1)

GIT
  remote: git@gitlab.tamu.edu:puppet-modules/puppet-openldap.git
  ref: master
  sha: 9070527ce24c83f00a6477a92d942d6e708a05df
  specs:
    openldap (0.0.1)
      puppetlabs/stdlib (>= 3.2.0)

GIT
  remote: git@gitlab.tamu.edu:puppet-modules/puppet-root.git
  ref: master
  sha: cc0b4ca8ae3a82433f37b8745afb3f0b6d944662
  specs:
    root (0.0.3)
      puppetlabs/stdlib (>= 3.2.0)

GIT
  remote: git@gitlab.tamu.edu:puppet-modules/puppet-webmin.git
  ref: master
  sha: f1479e7ce31e1cdcb7091e5a0261b48117aa26ff
  specs:
    webmin (0.1.0)
      puppetlabs/firewall (>= 0.4.2)
      puppetlabs/stdlib (>= 3.2.0)
      treydock/gpg_key (~> 0.0.0)

DEPENDENCIES
  acpid (>= 0)
  areca (>= 0)
  augeasproviders_sysctl (>= 0)
  bashtoni/timezone (= 0.1.1)
  cron (>= 0)
  domcleal/augeasproviders (= 1.0.2)
  fhgfs (>= 0)
  fsalum/redis (= 0.0.6)
  infiniband (>= 0)
  iptables (>= 0)
  jhoblitt/ksm (= 0.0.1)
  jhoblitt/smartd (= 2.0.0)
  libvirt (>= 0)
  logrotate (>= 0)
  motd (>= 0)
  nfs (>= 0)
  openldap (>= 0)
  osg (>= 0)
  ovirt (>= 0)
  puppetlabs/apache (= 0.10.0)
  puppetlabs/concat (= 1.0.0)
  puppetlabs/firewall (= 0.4.2)
  puppetlabs/gcc (>= 0)
  puppetlabs/mysql (= 2.1.0)
  puppetlabs/ntp (= 3.0.1)
  puppetlabs/puppetdb (= 3.0.0)
  puppetlabs/ruby (= 0.1.0)
  puppetlabs/stdlib (= 4.1.0)
  ramdisk (>= 0)
  repoforge (>= 0)
  root (>= 0)
  saz/sudo (= 2.2.0)
  ssh (>= 0)
  stahnma/epel (= 0.0.6)
  stahnma/puppetlabs_yum (= 0.1.4)
  theforeman/dhcp (= 1.3.1)
  theforeman/dns (= 1.4.0)
  theforeman/foreman (= 2.0.1)
  theforeman/foreman_proxy (= 1.4.0)
  theforeman/tftp (= 1.4.0)
  treydock/edac (= 0.0.4)
  treydock/gpg_key (= 0.0.2)
  treydock/scl (= 0.0.1)
  treydock/yum_cron (= 1.0.0)
  webmin (>= 0)
  zabbix20 (>= 0)
  zfsonlinux (>= 0)
  zram (>= 0)

